
Microsoft Visual Studio Solution File, Format Version 12.00
# Visual Studio Version 17
VisualStudioVersion = 17.5.002.0
MinimumVisualStudioVersion = 10.0.40219.1
Project("{9A19103F-16F7-4668-BE54-9A1E7A4F7556}") = "task", "task\task.csproj", "{A98066FC-0DE2-4146-96E5-495ED2F4FD72}"
EndProject
Global
	GlobalSection(SolutionConfigurationPlatforms) = preSolution
		Debug|Any CPU = Debug|Any CPU
		Release|Any CPU = Release|Any CPU
	EndGlobalSection
	GlobalSection(ProjectConfigurationPlatforms) = postSolution
		{A98066FC-0DE2-4146-96E5-495ED2F4FD72}.Debug|Any CPU.ActiveCfg = Debug|Any CPU
		{A98066FC-0DE2-4146-96E5-495ED2F4FD72}.Debug|Any CPU.Build.0 = Debug|Any CPU
		{A98066FC-0DE2-4146-96E5-495ED2F4FD72}.Release|Any CPU.ActiveCfg = Release|Any CPU
		{A98066FC-0DE2-4146-96E5-495ED2F4FD72}.Release|Any CPU.Build.0 = Release|Any CPU
	EndGlobalSection
	GlobalSection(SolutionProperties) = preSolution
		HideSolutionNode = FALSE
	EndGlobalSection
	GlobalSection(ExtensibilityGlobals) = postSolution
		SolutionGuid = {4507984A-B899-48EE-AE69-F6C182CAE183}
	EndGlobalSection
EndGlobal
